// !$*UTF8*$!
{
	archiveVersion = 1;
	classes = {
	};
	objectVersion = 56;
	objects = {

/* Begin PBXBuildFile section */
		5D3661A32A5EACB700C413FB /* RegisterViewController.swift in Sources */ = {isa = PBXBuildFile; fileRef = 5D3661A22A5EACB700C413FB /* RegisterViewController.swift */; };
		5D3661A62A5EB3EB00C413FB /* UserEntity+CoreDataClass.swift in Sources */ = {isa = PBXBuildFile; fileRef = 5D3661A42A5EB3EB00C413FB /* UserEntity+CoreDataClass.swift */; };
		5D3661A72A5EB3EB00C413FB /* UserEntity+CoreDataProperties.swift in Sources */ = {isa = PBXBuildFile; fileRef = 5D3661A52A5EB3EB00C413FB /* UserEntity+CoreDataProperties.swift */; };
		5D3661A92A5EB54E00C413FB /* DatabaseManager.swift in Sources */ = {isa = PBXBuildFile; fileRef = 5D3661A82A5EB54E00C413FB /* DatabaseManager.swift */; };
		5D3661B42A5EBA2300C413FB /* UserModel.swift in Sources */ = {isa = PBXBuildFile; fileRef = 5D3661B32A5EBA2300C413FB /* UserModel.swift */; };
		5D3661B62A5EBADB00C413FB /* UserListViewController.swift in Sources */ = {isa = PBXBuildFile; fileRef = 5D3661B52A5EBADB00C413FB /* UserListViewController.swift */; };
		5D43689C2A5EA5F000F56C6E /* AppDelegate.swift in Sources */ = {isa = PBXBuildFile; fileRef = 5D43689B2A5EA5F000F56C6E /* AppDelegate.swift */; };
		5D43689E2A5EA5F000F56C6E /* SceneDelegate.swift in Sources */ = {isa = PBXBuildFile; fileRef = 5D43689D2A5EA5F000F56C6E /* SceneDelegate.swift */; };
		5D4368A32A5EA5F000F56C6E /* Main.storyboard in Resources */ = {isa = PBXBuildFile; fileRef = 5D4368A12A5EA5F000F56C6E /* Main.storyboard */; };
		5D4368A62A5EA5F000F56C6E /* CoreDataLogin.xcdatamodeld in Sources */ = {isa = PBXBuildFile; fileRef = 5D4368A42A5EA5F000F56C6E /* CoreDataLogin.xcdatamodeld */; };
		5D4368A82A5EA5F400F56C6E /* Assets.xcassets in Resources */ = {isa = PBXBuildFile; fileRef = 5D4368A72A5EA5F400F56C6E /* Assets.xcassets */; };
		5D4368AB2A5EA5F400F56C6E /* LaunchScreen.storyboard in Resources */ = {isa = PBXBuildFile; fileRef = 5D4368A92A5EA5F400F56C6E /* LaunchScreen.storyboard */; };
		5DF8B99A2A67739E00D36852 /* UserCell.swift in Sources */ = {isa = PBXBuildFile; fileRef = 5DF8B9982A67739E00D36852 /* UserCell.swift */; };
		5DF8B99B2A67739E00D36852 /* UserCell.xib in Resources */ = {isa = PBXBuildFile; fileRef = 5DF8B9992A67739E00D36852 /* UserCell.xib */; };
/* End PBXBuildFile section */

/* Begin PBXFileReference section */
		5D3661A22A5EACB700C413FB /* RegisterViewController.swift */ = {isa = PBXFileReference; lastKnownFileType = sourcecode.swift; path = RegisterViewController.swift; sourceTree = "<group>"; };
		5D3661A42A5EB3EB00C413FB /* UserEntity+CoreDataClass.swift */ = {isa = PBXFileReference; lastKnownFileType = sourcecode.swift; path = "UserEntity+CoreDataClass.swift"; sourceTree = "<group>"; };
		5D3661A52A5EB3EB00C413FB /* UserEntity+CoreDataProperties.swift */ = {isa = PBXFileReference; lastKnownFileType = sourcecode.swift; path = "UserEntity+CoreDataProperties.swift"; sourceTree = "<group>"; };
		5D3661A82A5EB54E00C413FB /* DatabaseManager.swift */ = {isa = PBXFileReference; lastKnownFileType = sourcecode.swift; path = DatabaseManager.swift; sourceTree = "<group>"; };
		5D3661B32A5EBA2300C413FB /* UserModel.swift */ = {isa = PBXFileReference; lastKnownFileType = sourcecode.swift; path = UserModel.swift; sourceTree = "<group>"; };
		5D3661B52A5EBADB00C413FB /* UserListViewController.swift */ = {isa = PBXFileReference; lastKnownFileType = sourcecode.swift; path = UserListViewController.swift; sourceTree = "<group>"; };
		5D4368982A5EA5F000F56C6E /* CoreDataLogin.app */ = {isa = PBXFileReference; explicitFileType = wrapper.application; includeInIndex = 0; path = CoreDataLogin.app; sourceTree = BUILT_PRODUCTS_DIR; };
		5D43689B2A5EA5F000F56C6E /* AppDelegate.swift */ = {isa = PBXFileReference; lastKnownFileType = sourcecode.swift; path = AppDelegate.swift; sourceTree = "<group>"; };
		5D43689D2A5EA5F000F56C6E /* SceneDelegate.swift */ = {isa = PBXFileReference; lastKnownFileType = sourcecode.swift; path = SceneDelegate.swift; sourceTree = "<group>"; };
		5D4368A22A5EA5F000F56C6E /* Base */ = {isa = PBXFileReference; lastKnownFileType = file.storyboard; name = Base; path = Base.lproj/Main.storyboard; sourceTree = "<group>"; };
		5D4368A52A5EA5F000F56C6E /* CoreDataLogin.xcdatamodel */ = {isa = PBXFileReference; lastKnownFileType = wrapper.xcdatamodel; path = CoreDataLogin.xcdatamodel; sourceTree = "<group>"; };
		5D4368A72A5EA5F400F56C6E /* Assets.xcassets */ = {isa = PBXFileReference; lastKnownFileType = folder.assetcatalog; path = Assets.xcassets; sourceTree = "<group>"; };
		5D4368AA2A5EA5F400F56C6E /* Base */ = {isa = PBXFileReference; lastKnownFileType = file.storyboard; name = Base; path = Base.lproj/LaunchScreen.storyboard; sourceTree = "<group>"; };
		5D4368AC2A5EA5F400F56C6E /* Info.plist */ = {isa = PBXFileReference; lastKnownFileType = text.plist.xml; path = Info.plist; sourceTree = "<group>"; };
		5DF8B9982A67739E00D36852 /* UserCell.swift */ = {isa = PBXFileReference; lastKnownFileType = sourcecode.swift; path = UserCell.swift; sourceTree = "<group>"; };
		5DF8B9992A67739E00D36852 /* UserCell.xib */ = {isa = PBXFileReference; lastKnownFileType = file.xib; path = UserCell.xib; sourceTree = "<group>"; };
/* End PBXFileReference section */

/* Begin PBXFrameworksBuildPhase section */
		5D4368952A5EA5F000F56C6E /* Frameworks */ = {
			isa = PBXFrameworksBuildPhase;
			buildActionMask = 2147483647;
			files = (
			);
			runOnlyForDeploymentPostprocessing = 0;
		};
/* End PBXFrameworksBuildPhase section */

/* Begin PBXGroup section */
		5D3661AA2A5EB84100C413FB /* Application */ = {
			isa = PBXGroup;
			children = (
				5D43689D2A5EA5F000F56C6E /* SceneDelegate.swift */,
				5D43689B2A5EA5F000F56C6E /* AppDelegate.swift */,
			);
			path = Application;
			sourceTree = "<group>";
		};
		5D3661AB2A5EB85C00C413FB /* Database */ = {
			isa = PBXGroup;
			children = (
				5D3661A82A5EB54E00C413FB /* DatabaseManager.swift */,
				5DF8B9982A67739E00D36852 /* UserCell.swift */,
				5DF8B9992A67739E00D36852 /* UserCell.xib */,
				5D4368A42A5EA5F000F56C6E /* CoreDataLogin.xcdatamodeld */,
			);
			path = Database;
			sourceTree = "<group>";
		};
		5D3661AC2A5EB88D00C413FB /* screen */ = {
			isa = PBXGroup;
			children = (
				5D3661AF2A5EB91D00C413FB /* User */,
			);
			path = screen;
			sourceTree = "<group>";
		};
		5D3661AD2A5EB89D00C413FB /* storyBoard */ = {
			isa = PBXGroup;
			children = (
				5D4368A92A5EA5F400F56C6E /* LaunchScreen.storyboard */,
				5D4368A12A5EA5F000F56C6E /* Main.storyboard */,
			);
			path = storyBoard;
			sourceTree = "<group>";
		};
		5D3661AE2A5EB8A800C413FB /* Resources */ = {
			isa = PBXGroup;
			children = (
				5D4368A72A5EA5F400F56C6E /* Assets.xcassets */,
			);
			path = Resources;
			sourceTree = "<group>";
		};
		5D3661AF2A5EB91D00C413FB /* User */ = {
			isa = PBXGroup;
			children = (
				5D3661B12A5EB93D00C413FB /* Controller */,
				5D3661B02A5EB93500C413FB /* Model */,
			);
			path = User;
			sourceTree = "<group>";
		};
		5D3661B02A5EB93500C413FB /* Model */ = {
			isa = PBXGroup;
			children = (
				5D3661B32A5EBA2300C413FB /* UserModel.swift */,
			);
			path = Model;
			sourceTree = "<group>";
		};
		5D3661B12A5EB93D00C413FB /* Controller */ = {
			isa = PBXGroup;
			children = (
				5D3661A22A5EACB700C413FB /* RegisterViewController.swift */,
				5D3661B52A5EBADB00C413FB /* UserListViewController.swift */,
			);
			path = Controller;
			sourceTree = "<group>";
		};
		5D3661B22A5EB9A900C413FB /* CoreData */ = {
			isa = PBXGroup;
			children = (
				5D3661A42A5EB3EB00C413FB /* UserEntity+CoreDataClass.swift */,
				5D3661A52A5EB3EB00C413FB /* UserEntity+CoreDataProperties.swift */,
			);
			name = CoreData;
			path = ..;
			sourceTree = "<group>";
		};
		5D43688F2A5EA5F000F56C6E = {
			isa = PBXGroup;
			children = (
				5D43689A2A5EA5F000F56C6E /* CoreDataLogin */,
				5D4368992A5EA5F000F56C6E /* Products */,
			);
			sourceTree = "<group>";
		};
		5D4368992A5EA5F000F56C6E /* Products */ = {
			isa = PBXGroup;
			children = (
				5D4368982A5EA5F000F56C6E /* CoreDataLogin.app */,
			);
			name = Products;
			sourceTree = "<group>";
		};
		5D43689A2A5EA5F000F56C6E /* CoreDataLogin */ = {
			isa = PBXGroup;
			children = (
				5D4368AC2A5EA5F400F56C6E /* Info.plist */,
				5D3661AA2A5EB84100C413FB /* Application */,
				5D3661B22A5EB9A900C413FB /* CoreData */,
				5D3661AB2A5EB85C00C413FB /* Database */,
				5D3661AC2A5EB88D00C413FB /* screen */,
				5D3661AD2A5EB89D00C413FB /* storyBoard */,
				5D3661AE2A5EB8A800C413FB /* Resources */,
			);
			path = CoreDataLogin;
			sourceTree = "<group>";
		};
/* End PBXGroup section */

/* Begin PBXNativeTarget section */
		5D4368972A5EA5F000F56C6E /* CoreDataLogin */ = {
			isa = PBXNativeTarget;
			buildConfigurationList = 5D4368AF2A5EA5F400F56C6E /* Build configuration list for PBXNativeTarget "CoreDataLogin" */;
			buildPhases = (
				5D4368942A5EA5F000F56C6E /* Sources */,
				5D4368952A5EA5F000F56C6E /* Frameworks */,
				5D4368962A5EA5F000F56C6E /* Resources */,
			);
			buildRules = (
			);
			dependencies = (
			);
			name = CoreDataLogin;
			productName = CoreDataLogin;
			productReference = 5D4368982A5EA5F000F56C6E /* CoreDataLogin.app */;
			productType = "com.apple.product-type.application";
		};
/* End PBXNativeTarget section */

/* Begin PBXProject section */
		5D4368902A5EA5F000F56C6E /* Project object */ = {
			isa = PBXProject;
			attributes = {
				BuildIndependentTargetsInParallel = 1;
				LastSwiftUpdateCheck = 1420;
				LastUpgradeCheck = 1420;
				TargetAttributes = {
					5D4368972A5EA5F000F56C6E = {
						CreatedOnToolsVersion = 14.2;
					};
				};
			};
			buildConfigurationList = 5D4368932A5EA5F000F56C6E /* Build configuration list for PBXProject "CoreDataLogin" */;
			compatibilityVersion = "Xcode 14.0";
			developmentRegion = en;
			hasScannedForEncodings = 0;
			knownRegions = (
				en,
				Base,
			);
			mainGroup = 5D43688F2A5EA5F000F56C6E;
			productRefGroup = 5D4368992A5EA5F000F56C6E /* Products */;
			projectDirPath = "";
			projectRoot = "";
			targets = (
				5D4368972A5EA5F000F56C6E /* CoreDataLogin */,
			);
		};
/* End PBXProject section */

/* Begin PBXResourcesBuildPhase section */
		5D4368962A5EA5F000F56C6E /* Resources */ = {
			isa = PBXResourcesBuildPhase;
			buildActionMask = 2147483647;
			files = (
				5DF8B99B2A67739E00D36852 /* UserCell.xib in Resources */,
				5D4368AB2A5EA5F400F56C6E /* LaunchScreen.storyboard in Resources */,
				5D4368A82A5EA5F400F56C6E /* Assets.xcassets in Resources */,
				5D4368A32A5EA5F000F56C6E /* Main.storyboard in Resources */,
			);
			runOnlyForDeploymentPostprocessing = 0;
		};
/* End PBXResourcesBuildPhase section */

/* Begin PBXSourcesBuildPhase section */
		5D4368942A5EA5F000F56C6E /* Sources */ = {
			isa = PBXSourcesBuildPhase;
			buildActionMask = 2147483647;
			files = (
				5D43689C2A5EA5F000F56C6E /* AppDelegate.swift in Sources */,
				5D3661A72A5EB3EB00C413FB /* UserEntity+CoreDataProperties.swift in Sources */,
				5D3661B42A5EBA2300C413FB /* UserModel.swift in Sources */,
				5D3661A62A5EB3EB00C413FB /* UserEntity+CoreDataClass.swift in Sources */,
				5D4368A62A5EA5F000F56C6E /* CoreDataLogin.xcdatamodeld in Sources */,
				5D3661B62A5EBADB00C413FB /* UserListViewController.swift in Sources */,
				5D43689E2A5EA5F000F56C6E /* SceneDelegate.swift in Sources */,
				5D3661A32A5EACB700C413FB /* RegisterViewController.swift in Sources */,
				5DF8B99A2A67739E00D36852 /* UserCell.swift in Sources */,
				5D3661A92A5EB54E00C413FB /* DatabaseManager.swift in Sources */,
			);
			runOnlyForDeploymentPostprocessing = 0;
		};
/* End PBXSourcesBuildPhase section */

/* Begin PBXVariantGroup section */
		5D4368A12A5EA5F000F56C6E /* Main.storyboard */ = {
			isa = PBXVariantGroup;
			children = (
				5D4368A22A5EA5F000F56C6E /* Base */,
			);
			name = Main.storyboard;
			sourceTree = "<group>";
		};
		5D4368A92A5EA5F400F56C6E /* LaunchScreen.storyboard */ = {
			isa = PBXVariantGroup;
			children = (
				5D4368AA2A5EA5F400F56C6E /* Base */,
			);
			name = LaunchScreen.storyboard;
			sourceTree = "<group>";
		};
/* End PBXVariantGroup section */

/* Begin XCBuildConfiguration section */
		5D4368AD2A5EA5F400F56C6E /* Debug */ = {
			isa = XCBuildConfiguration;
			buildSettings = {
				ALWAYS_SEARCH_USER_PATHS = NO;
				CLANG_ANALYZER_NONNULL = YES;
				CLANG_ANALYZER_NUMBER_OBJECT_CONVERSION = YES_AGGRESSIVE;
				CLANG_CXX_LANGUAGE_STANDARD = "gnu++20";
				CLANG_ENABLE_MODULES = YES;
				CLANG_ENABLE_OBJC_ARC = YES;
				CLANG_ENABLE_OBJC_WEAK = YES;
				CLANG_WARN_BLOCK_CAPTURE_AUTORELEASING = YES;
				CLANG_WARN_BOOL_CONVERSION = YES;
				CLANG_WARN_COMMA = YES;
				CLANG_WARN_CONSTANT_CONVERSION = YES;
				CLANG_WARN_DEPRECATED_OBJC_IMPLEMENTATIONS = YES;
				CLANG_WARN_DIRECT_OBJC_ISA_USAGE = YES_ERROR;
				CLANG_WARN_DOCUMENTATION_COMMENTS = YES;
				CLANG_WARN_EMPTY_BODY = YES;
				CLANG_WARN_ENUM_CONVERSION = YES;
				CLANG_WARN_INFINITE_RECURSION = YES;
				CLANG_WARN_INT_CONVERSION = YES;
				CLANG_WARN_NON_LITERAL_NULL_CONVERSION = YES;
				CLANG_WARN_OBJC_IMPLICIT_RETAIN_SELF = YES;
				CLANG_WARN_OBJC_LITERAL_CONVERSION = YES;
				CLANG_WARN_OBJC_ROOT_CLASS = YES_ERROR;
				CLANG_WARN_QUOTED_INCLUDE_IN_FRAMEWORK_HEADER = YES;
				CLANG_WARN_RANGE_LOOP_ANALYSIS = YES;
				CLANG_WARN_STRICT_PROTOTYPES = YES;
				CLANG_WARN_SUSPICIOUS_MOVE = YES;
				CLANG_WARN_UNGUARDED_AVAILABILITY = YES_AGGRESSIVE;
				CLANG_WARN_UNREACHABLE_CODE = YES;
				CLANG_WARN__DUPLICATE_METHOD_MATCH = YES;
				COPY_PHASE_STRIP = NO;
				DEBUG_INFORMATION_FORMAT = dwarf;
				ENABLE_STRICT_OBJC_MSGSEND = YES;
				ENABLE_TESTABILITY = YES;
				GCC_C_LANGUAGE_STANDARD = gnu11;
				GCC_DYNAMIC_NO_PIC = NO;
				GCC_NO_COMMON_BLOCKS = YES;
				GCC_OPTIMIZATION_LEVEL = 0;
				GCC_PREPROCESSOR_DEFINITIONS = (
					"DEBUG=1",
					"$(inherited)",
				);
				GCC_WARN_64_TO_32_BIT_CONVERSION = YES;
				GCC_WARN_ABOUT_RETURN_TYPE = YES_ERROR;
				GCC_WARN_UNDECLARED_SELECTOR = YES;
				GCC_WARN_UNINITIALIZED_AUTOS = YES_AGGRESSIVE;
				GCC_WARN_UNUSED_FUNCTION = YES;
				GCC_WARN_UNUSED_VARIABLE = YES;
				IPHONEOS_DEPLOYMENT_TARGET = 16.2;
				MTL_ENABLE_DEBUG_INFO = INCLUDE_SOURCE;
				MTL_FAST_MATH = YES;
				ONLY_ACTIVE_ARCH = YES;
				SDKROOT = iphoneos;
				SWIFT_ACTIVE_COMPILATION_CONDITIONS = DEBUG;
				SWIFT_OPTIMIZATION_LEVEL = "-Onone";
			};
			name = Debug;
		};
		5D4368AE2A5EA5F400F56C6E /* Release */ = {
			isa = XCBuildConfiguration;
			buildSettings = {
				ALWAYS_SEARCH_USER_PATHS = NO;
				CLANG_ANALYZER_NONNULL = YES;
				CLANG_ANALYZER_NUMBER_OBJECT_CONVERSION = YES_AGGRESSIVE;
				CLANG_CXX_LANGUAGE_STANDARD = "gnu++20";
				CLANG_ENABLE_MODULES = YES;
				CLANG_ENABLE_OBJC_ARC = YES;
				CLANG_ENABLE_OBJC_WEAK = YES;
				CLANG_WARN_BLOCK_CAPTURE_AUTORELEASING = YES;
				CLANG_WARN_BOOL_CONVERSION = YES;
				CLANG_WARN_COMMA = YES;
				CLANG_WARN_CONSTANT_CONVERSION = YES;
				CLANG_WARN_DEPRECATED_OBJC_IMPLEMENTATIONS = YES;
				CLANG_WARN_DIRECT_OBJC_ISA_USAGE = YES_ERROR;
				CLANG_WARN_DOCUMENTATION_COMMENTS = YES;
				CLANG_WARN_EMPTY_BODY = YES;
				CLANG_WARN_ENUM_CONVERSION = YES;
				CLANG_WARN_INFINITE_RECURSION = YES;
				CLANG_WARN_INT_CONVERSION = YES;
				CLANG_WARN_NON_LITERAL_NULL_CONVERSION = YES;
				CLANG_WARN_OBJC_IMPLICIT_RETAIN_SELF = YES;
				CLANG_WARN_OBJC_LITERAL_CONVERSION = YES;
				CLANG_WARN_OBJC_ROOT_CLASS = YES_ERROR;
				CLANG_WARN_QUOTED_INCLUDE_IN_FRAMEWORK_HEADER = YES;
				CLANG_WARN_RANGE_LOOP_ANALYSIS = YES;
				CLANG_WARN_STRICT_PROTOTYPES = YES;
				CLANG_WARN_SUSPICIOUS_MOVE = YES;
				CLANG_WARN_UNGUARDED_AVAILABILITY = YES_AGGRESSIVE;
				CLANG_WARN_UNREACHABLE_CODE = YES;
				CLANG_WARN__DUPLICATE_METHOD_MATCH = YES;
				COPY_PHASE_STRIP = NO;
				DEBUG_INFORMATION_FORMAT = "dwarf-with-dsym";
				ENABLE_NS_ASSERTIONS = NO;
				ENABLE_STRICT_OBJC_MSGSEND = YES;
				GCC_C_LANGUAGE_STANDARD = gnu11;
				GCC_NO_COMMON_BLOCKS = YES;
				GCC_WARN_64_TO_32_BIT_CONVERSION = YES;
				GCC_WARN_ABOUT_RETURN_TYPE = YES_ERROR;
				GCC_WARN_UNDECLARED_SELECTOR = YES;
				GCC_WARN_UNINITIALIZED_AUTOS = YES_AGGRESSIVE;
				GCC_WARN_UNUSED_FUNCTION = YES;
				GCC_WARN_UNUSED_VARIABLE = YES;
				IPHONEOS_DEPLOYMENT_TARGET = 16.2;
				MTL_ENABLE_DEBUG_INFO = NO;
				MTL_FAST_MATH = YES;
				SDKROOT = iphoneos;
				SWIFT_COMPILATION_MODE = wholemodule;
				SWIFT_OPTIMIZATION_LEVEL = "-O";
				VALIDATE_PRODUCT = YES;
			};
			name = Release;
		};
		5D4368B02A5EA5F400F56C6E /* Debug */ = {
			isa = XCBuildConfiguration;
			buildSettings = {
				ASSETCATALOG_COMPILER_APPICON_NAME = AppIcon;
				ASSETCATALOG_COMPILER_GLOBAL_ACCENT_COLOR_NAME = AccentColor;
				CODE_SIGN_STYLE = Automatic;
				CURRENT_PROJECT_VERSION = 1;
				DEVELOPMENT_TEAM = RQ9DN8WL4A;
				GENERATE_INFOPLIST_FILE = YES;
				INFOPLIST_FILE = CoreDataLogin/Info.plist;
				INFOPLIST_KEY_UIApplicationSupportsIndirectInputEvents = YES;
				INFOPLIST_KEY_UILaunchStoryboardName = LaunchScreen;
				INFOPLIST_KEY_UIMainStoryboardFile = Main;
				INFOPLIST_KEY_UISupportedInterfaceOrientations_iPad = "UIInterfaceOrientationPortrait UIInterfaceOrientationPortraitUpsideDown UIInterfaceOrientationLandscapeLeft UIInterfaceOrientationLandscapeRight";
				INFOPLIST_KEY_UISupportedInterfaceOrientations_iPhone = "UIInterfaceOrientationPortrait UIInterfaceOrientationLandscapeLeft UIInterfaceOrientationLandscapeRight";
				LD_RUNPATH_SEARCH_PATHS = (
					"$(inherited)",
					"@executable_path/Frameworks",
				);
				MARKETING_VERSION = 1.0;
				PRODUCT_BUNDLE_IDENTIFIER = app.com.CoreDataLogin;
				PRODUCT_NAME = "$(TARGET_NAME)";
				SWIFT_EMIT_LOC_STRINGS = YES;
				SWIFT_VERSION = 5.0;
				TARGETED_DEVICE_FAMILY = "1,2";
			};
			name = Debug;
		};
		5D4368B12A5EA5F400F56C6E /* Release */ = {
			isa = XCBuildConfiguration;
			buildSettings = {
				ASSETCATALOG_COMPILER_APPICON_NAME = AppIcon;
				ASSETCATALOG_COMPILER_GLOBAL_ACCENT_COLOR_NAME = AccentColor;
				CODE_SIGN_STYLE = Automatic;
				CURRENT_PROJECT_VERSION = 1;
				DEVELOPMENT_TEAM = RQ9DN8WL4A;
				GENERATE_INFOPLIST_FILE = YES;
				INFOPLIST_FILE = CoreDataLogin/Info.plist;
				INFOPLIST_KEY_UIApplicationSupportsIndirectInputEvents = YES;
				INFOPLIST_KEY_UILaunchStoryboardName = LaunchScreen;
				INFOPLIST_KEY_UIMainStoryboardFile = Main;
				INFOPLIST_KEY_UISupportedInterfaceOrientations_iPad = "UIInterfaceOrientationPortrait UIInterfaceOrientationPortraitUpsideDown UIInterfaceOrientationLandscapeLeft UIInterfaceOrientationLandscapeRight";
				INFOPLIST_KEY_UISupportedInterfaceOrientations_iPhone = "UIInterfaceOrientationPortrait UIInterfaceOrientationLandscapeLeft UIInterfaceOrientationLandscapeRight";
				LD_RUNPATH_SEARCH_PATHS = (
					"$(inherited)",
					"@executable_path/Frameworks",
				);
				MARKETING_VERSION = 1.0;
				PRODUCT_BUNDLE_IDENTIFIER = app.com.CoreDataLogin;
				PRODUCT_NAME = "$(TARGET_NAME)";
				SWIFT_EMIT_LOC_STRINGS = YES;
				SWIFT_VERSION = 5.0;
				TARGETED_DEVICE_FAMILY = "1,2";
			};
			name = Release;
		};
/* End XCBuildConfiguration section */

/* Begin XCConfigurationList section */
		5D4368932A5EA5F000F56C6E /* Build configuration list for PBXProject "CoreDataLogin" */ = {
			isa = XCConfigurationList;
			buildConfigurations = (
				5D4368AD2A5EA5F400F56C6E /* Debug */,
				5D4368AE2A5EA5F400F56C6E /* Release */,
			);
			defaultConfigurationIsVisible = 0;
			defaultConfigurationName = Release;
		};
		5D4368AF2A5EA5F400F56C6E /* Build configuration list for PBXNativeTarget "CoreDataLogin" */ = {
			isa = XCConfigurationList;
			buildConfigurations = (
				5D4368B02A5EA5F400F56C6E /* Debug */,
				5D4368B12A5EA5F400F56C6E /* Release */,
			);
			defaultConfigurationIsVisible = 0;
			defaultConfigurationName = Release;
		};
/* End XCConfigurationList section */

/* Begin XCVersionGroup section */
		5D4368A42A5EA5F000F56C6E /* CoreDataLogin.xcdatamodeld */ = {
			isa = XCVersionGroup;
			children = (
				5D4368A52A5EA5F000F56C6E /* CoreDataLogin.xcdatamodel */,
			);
			currentVersion = 5D4368A52A5EA5F000F56C6E /* CoreDataLogin.xcdatamodel */;
			path = CoreDataLogin.xcdatamodeld;
			sourceTree = "<group>";
			versionGroupType = wrapper.xcdatamodel;
		};
/* End XCVersionGroup section */
	};
	rootObject = 5D4368902A5EA5F000F56C6E /* Project object */;
}
